
Microsoft Visual Studio Solution File, Format Version 12.00
# Visual Studio Version 16
VisualStudioVersion = 16.0.28516.95
MinimumVisualStudioVersion = 10.0.40219.1
Project("{888888A0-9F3D-457C-B088-3A5042F75D52}") = "TimeSeries", "TimeSeries\TimeSeries.pyproj", "{B1D7AFB0-7BA5-4B5C-B517-5FDFBF1A8622}"
EndProject
Project("{888888A0-9F3D-457C-B088-3A5042F75D52}") = "TSGeneration", "TSGeneration\TSGeneration.pyproj", "{EC7423D8-4739-4BAC-8D34-DD993F7CCC8B}"
EndProject
Global
	GlobalSection(SolutionConfigurationPlatforms) = preSolution
		Debug|Any CPU = Debug|Any CPU
		Release|Any CPU = Release|Any CPU
	EndGlobalSection
	GlobalSection(ProjectConfigurationPlatforms) = postSolution
		{B1D7AFB0-7BA5-4B5C-B517-5FDFBF1A8622}.Debug|Any CPU.ActiveCfg = Debug|Any CPU
		{B1D7AFB0-7BA5-4B5C-B517-5FDFBF1A8622}.Release|Any CPU.ActiveCfg = Release|Any CPU
		{EC7423D8-4739-4BAC-8D34-DD993F7CCC8B}.Debug|Any CPU.ActiveCfg = Debug|Any CPU
		{EC7423D8-4739-4BAC-8D34-DD993F7CCC8B}.Release|Any CPU.ActiveCfg = Release|Any CPU
	EndGlobalSection
	GlobalSection(SolutionProperties) = preSolution
		HideSolutionNode = FALSE
	EndGlobalSection
	GlobalSection(ExtensibilityGlobals) = postSolution
		SolutionGuid = {5DEC0370-0E54-4F97-B5E3-5C37B6D043EA}
	EndGlobalSection
EndGlobal
